
Microsoft Visual Studio Solution File, Format Version 12.00
# Visual Studio 15
VisualStudioVersion = 15.0.28010.2046
MinimumVisualStudioVersion = 10.0.40219.1
Project("{FAE04EC0-301F-11D3-BF4B-00C04F79EFBC}") = "Collezioni.test", "Collezioni.test\Collezioni.test.csproj", "{2820C27C-2DA9-49DC-8FD8-0121940F99CB}"
EndProject
Project("{FAE04EC0-301F-11D3-BF4B-00C04F79EFBC}") = "Collezioni", "Collezioni\Collezioni.csproj", "{7F7F46FA-95E3-4312-9E54-6CD5B6C6EEF5}"
EndProject
Global
	GlobalSection(SolutionConfigurationPlatforms) = preSolution
		Debug|Any CPU = Debug|Any CPU
		Release|Any CPU = Release|Any CPU
	EndGlobalSection
	GlobalSection(ProjectConfigurationPlatforms) = postSolution
		{2820C27C-2DA9-49DC-8FD8-0121940F99CB}.Debug|Any CPU.ActiveCfg = Debug|Any CPU
		{2820C27C-2DA9-49DC-8FD8-0121940F99CB}.Debug|Any CPU.Build.0 = Debug|Any CPU
		{2820C27C-2DA9-49DC-8FD8-0121940F99CB}.Release|Any CPU.ActiveCfg = Release|Any CPU
		{2820C27C-2DA9-49DC-8FD8-0121940F99CB}.Release|Any CPU.Build.0 = Release|Any CPU
		{7F7F46FA-95E3-4312-9E54-6CD5B6C6EEF5}.Debug|Any CPU.ActiveCfg = Debug|Any CPU
		{7F7F46FA-95E3-4312-9E54-6CD5B6C6EEF5}.Debug|Any CPU.Build.0 = Debug|Any CPU
		{7F7F46FA-95E3-4312-9E54-6CD5B6C6EEF5}.Release|Any CPU.ActiveCfg = Release|Any CPU
		{7F7F46FA-95E3-4312-9E54-6CD5B6C6EEF5}.Release|Any CPU.Build.0 = Release|Any CPU
	EndGlobalSection
	GlobalSection(SolutionProperties) = preSolution
		HideSolutionNode = FALSE
	EndGlobalSection
	GlobalSection(ExtensibilityGlobals) = postSolution
		SolutionGuid = {269D6AFB-26E4-4B21-B70C-C74DA550D748}
	EndGlobalSection
EndGlobal
